{
  "name": "volume",
  "version": "0.4.0",
  "lockfileVersion": 3,
  "requires": true,
  "packages": {
    "": {
      "name": "volume",
      "version": "0.4.0",
      "license": "MIT",
      "dependencies": {
        "elm": "^0.19.2-0",
        "uglify-js": "^3.19.3"
      }
    },
    "node_modules/@elm_binaries/darwin_arm64": {
      "version": "0.19.2-0",
      "resolved": "https://registry.npmjs.org/@elm_binaries/darwin_arm64/-/darwin_arm64-0.19.2-0.tgz",
      "integrity": "sha512-vhgvWAgc+jkB/oSCqI0BK1w908ivNbV6OBWIGtJgbzAXFh6RYLcGdE04+X6CTLgj+u5ufl81lsnMG6lWEMzbJg==",
      "cpu": [
        "arm64"
      ],
      "license": "BSD-3-Clause",
      "optional": true,
      "os": [
        "darwin"
      ]
    },
    "node_modules/@elm_binaries/darwin_x64": {
      "version": "0.19.2-0",
      "resolved": "https://registry.npmjs.org/@elm_binaries/darwin_x64/-/darwin_x64-0.19.2-0.tgz",
      "integrity": "sha512-CQub4GhTa9nOHkUpi4eVGy34mxhfQOpVteLWkgsFwSHxXathKzNaOR9W7nVHR1iKEMBNcYJpXS2MoQognOUMkA==",
      "cpu": [
        "x64"
      ],
      "license": "BSD-3-Clause",
      "optional": true,
      "os": [
        "darwin"
      ]
    },
    "node_modules/@elm_binaries/linux_arm64": {
      "version": "0.19.2-0",
      "resolved": "https://registry.npmjs.org/@elm_binaries/linux_arm64/-/linux_arm64-0.19.2-0.tgz",
      "integrity": "sha512-50LdOV2ddvgBqcgfVKC3yCKg3/3RQdkfE7Be5k7Zj2xYLALQolk3X2ualXUmXIbP6Zo1xYKymDAfa/M1PTF+dw==",
      "cpu": [
        "arm64"
      ],
      "license": "BSD-3-Clause",
      "optional": true,
      "os": [
        "linux"
      ]
    },
    "node_modules/@elm_binaries/linux_x64": {
      "version": "0.19.2-0",
      "resolved": "https://registry.npmjs.org/@elm_binaries/linux_x64/-/linux_x64-0.19.2-0.tgz",
      "integrity": "sha512-03EXHZZBCEFcKKh2kKUGPsFysKXnHANYw2XubBwT3Vj/5uOI/doG0g8kij5ng8n50vma/pNwAWqvVQLSRDmPMA==",
      "cpu": [
        "x64"
      ],
      "license": "BSD-3-Clause",
      "optional": true,
      "os": [
        "linux"
      ]
    },
    "node_modules/@elm_binaries/win32_x64": {
      "version": "0.19.2-0",
      "resolved": "https://registry.npmjs.org/@elm_binaries/win32_x64/-/win32_x64-0.19.2-0.tgz",
      "integrity": "sha512-FCzv6KAlo/L2/FZe3rsIH5dgFfljlgKWpMUDxVgNm1mFKep4TeFEnwRlSUh7hFnKCDVyjUL9oNL+x4OwYr3KWg==",
      "cpu": [
        "x64"
      ],
      "license": "BSD-3-Clause",
      "optional": true,
      "os": [
        "win32"
      ]
    },
    "node_modules/elm": {
      "version": "0.19.2-0",
      "resolved": "https://registry.npmjs.org/elm/-/elm-0.19.2-0.tgz",
      "integrity": "sha512-a2N4WJ6ge+cXOemAgo6tu8gN17cIzzitYoPcJRpvbiPbay1+BfQAv9wyWtgTyR3YkrduN5oQwzLgSIaUBZwjYQ==",
      "hasInstallScript": true,
      "license": "BSD-3-Clause",
      "bin": {
        "elm": "bin/elm"
      },
      "engines": {
        "node": ">=7.0.0"
      },
      "optionalDependencies": {
        "@elm_binaries/darwin_arm64": "0.19.2-0",
        "@elm_binaries/darwin_x64": "0.19.2-0",
        "@elm_binaries/linux_arm64": "0.19.2-0",
        "@elm_binaries/linux_x64": "0.19.2-0",
        "@elm_binaries/win32_x64": "0.19.2-0"
      }
    },
    "node_modules/uglify-js": {
      "version": "3.19.3",
      "resolved": "https://registry.npmjs.org/uglify-js/-/uglify-js-3.19.3.tgz",
      "integrity": "sha512-v3Xu+yuwBXisp6QYTcH4UbH+xYJXqnq2m/LtQVWKWzYc1iehYnLixoQDN9FH6/j9/oybfd6W9Ghwkl8+UMKTKQ==",
      "license": "BSD-2-Clause",
      "bin": {
        "uglifyjs": "bin/uglifyjs"
      },
      "engines": {
        "node": ">=0.8.0"
      }
    }
  }
}
